
Microsoft Visual Studio Solution File, Format Version 12.00
# Visual Studio 15
VisualStudioVersion = 15.0.28307.329
MinimumVisualStudioVersion = 10.0.40219.1
Project("{FAE04EC0-301F-11D3-BF4B-00C04F79EFBC}") = "MVCgummy", "MVCgummy\MVCgummy.csproj", "{7239516B-5653-48CE-87F5-363980CF7081}"
EndProject
Global
	GlobalSection(SolutionConfigurationPlatforms) = preSolution
		Debug|Any CPU = Debug|Any CPU
		Release|Any CPU = Release|Any CPU
	EndGlobalSection
	GlobalSection(ProjectConfigurationPlatforms) = postSolution
		{7239516B-5653-48CE-87F5-363980CF7081}.Debug|Any CPU.ActiveCfg = Debug|Any CPU
		{7239516B-5653-48CE-87F5-363980CF7081}.Debug|Any CPU.Build.0 = Debug|Any CPU
		{7239516B-5653-48CE-87F5-363980CF7081}.Release|Any CPU.ActiveCfg = Release|Any CPU
		{7239516B-5653-48CE-87F5-363980CF7081}.Release|Any CPU.Build.0 = Release|Any CPU
	EndGlobalSection
	GlobalSection(SolutionProperties) = preSolution
		HideSolutionNode = FALSE
	EndGlobalSection
	GlobalSection(ExtensibilityGlobals) = postSolution
		SolutionGuid = {EB0522B1-1AD1-44A6-B8CA-32DBE09BD8A1}
	EndGlobalSection
EndGlobal
